// !$*UTF8*$!
{
	archiveVersion = 1;
	classes = {
	};
	objectVersion = 46;
	objects = {

/* Begin PBXBuildFile section */
		73C18C9D1B9E81BF00DB7745 /* main.swift in Sources */ = {isa = PBXBuildFile; fileRef = 73C18C9C1B9E81BF00DB7745 /* main.swift */; };
		73C18CA01B9E82C000DB7745 /* default.css in Resources */ = {isa = PBXBuildFile; fileRef = 73C18C9F1B9E82C000DB7745 /* default.css */; };
		73E3210B1B971F0E005D14F6 /* AppDelegate.swift in Sources */ = {isa = PBXBuildFile; fileRef = 73E3210A1B971F0E005D14F6 /* AppDelegate.swift */; };
		73E3210D1B971F0E005D14F6 /* ViewController.swift in Sources */ = {isa = PBXBuildFile; fileRef = 73E3210C1B971F0E005D14F6 /* ViewController.swift */; };
		73E321101B971F0E005D14F6 /* Main.storyboard in Resources */ = {isa = PBXBuildFile; fileRef = 73E3210E1B971F0E005D14F6 /* Main.storyboard */; };
		73E321121B971F0E005D14F6 /* Assets.xcassets in Resources */ = {isa = PBXBuildFile; fileRef = 73E321111B971F0E005D14F6 /* Assets.xcassets */; };
		73E321151B971F0E005D14F6 /* LaunchScreen.storyboard in Resources */ = {isa = PBXBuildFile; fileRef = 73E321131B971F0E005D14F6 /* LaunchScreen.storyboard */; };
		73E321201B971F0F005D14F6 /* pixate_freestyleTests.swift in Sources */ = {isa = PBXBuildFile; fileRef = 73E3211F1B971F0F005D14F6 /* pixate_freestyleTests.swift */; };
		73E3212B1B971F0F005D14F6 /* pixate_freestyleUITests.swift in Sources */ = {isa = PBXBuildFile; fileRef = 73E3212A1B971F0F005D14F6 /* pixate_freestyleUITests.swift */; };
		7CE16E32FD47A35698DEA662 /* Pods_pixate_freestyle.framework in Frameworks */ = {isa = PBXBuildFile; fileRef = 6FA849C910E7CFE5CEBB04A2 /* Pods_pixate_freestyle.framework */; settings = {ATTRIBUTES = (Weak, ); }; };
/* End PBXBuildFile section */

/* Begin PBXContainerItemProxy section */
		73E3211C1B971F0E005D14F6 /* PBXContainerItemProxy */ = {
			isa = PBXContainerItemProxy;
			containerPortal = 73E320FF1B971F0E005D14F6 /* Project object */;
			proxyType = 1;
			remoteGlobalIDString = 73E321061B971F0E005D14F6;
			remoteInfo = "pixate-freestyle";
		};
		73E321271B971F0F005D14F6 /* PBXContainerItemProxy */ = {
			isa = PBXContainerItemProxy;
			containerPortal = 73E320FF1B971F0E005D14F6 /* Project object */;
			proxyType = 1;
			remoteGlobalIDString = 73E321061B971F0E005D14F6;
			remoteInfo = "pixate-freestyle";
		};
/* End PBXContainerItemProxy section */

/* Begin PBXFileReference section */
		6FA849C910E7CFE5CEBB04A2 /* Pods_pixate_freestyle.framework */ = {isa = PBXFileReference; explicitFileType = wrapper.framework; includeInIndex = 0; path = Pods_pixate_freestyle.framework; sourceTree = BUILT_PRODUCTS_DIR; };
		73C18C9C1B9E81BF00DB7745 /* main.swift */ = {isa = PBXFileReference; fileEncoding = 4; lastKnownFileType = sourcecode.swift; path = main.swift; sourceTree = "<group>"; };
		73C18C9E1B9E827A00DB7745 /* pixate-freestyle-BridgingHeader.h */ = {isa = PBXFileReference; fileEncoding = 4; lastKnownFileType = sourcecode.c.h; path = "pixate-freestyle-BridgingHeader.h"; sourceTree = "<group>"; };
		73C18C9F1B9E82C000DB7745 /* default.css */ = {isa = PBXFileReference; fileEncoding = 4; lastKnownFileType = text.css; path = default.css; sourceTree = "<group>"; };
		73E321071B971F0E005D14F6 /* pixate-freestyle.app */ = {isa = PBXFileReference; explicitFileType = wrapper.application; includeInIndex = 0; path = "pixate-freestyle.app"; sourceTree = BUILT_PRODUCTS_DIR; };
		73E3210A1B971F0E005D14F6 /* AppDelegate.swift */ = {isa = PBXFileReference; lastKnownFileType = sourcecode.swift; path = AppDelegate.swift; sourceTree = "<group>"; };
		73E3210C1B971F0E005D14F6 /* ViewController.swift */ = {isa = PBXFileReference; lastKnownFileType = sourcecode.swift; path = ViewController.swift; sourceTree = "<group>"; };
		73E3210F1B971F0E005D14F6 /* Base */ = {isa = PBXFileReference; lastKnownFileType = file.storyboard; name = Base; path = Base.lproj/Main.storyboard; sourceTree = "<group>"; };
		73E321111B971F0E005D14F6 /* Assets.xcassets */ = {isa = PBXFileReference; lastKnownFileType = folder.assetcatalog; path = Assets.xcassets; sourceTree = "<group>"; };
		73E321141B971F0E005D14F6 /* Base */ = {isa = PBXFileReference; lastKnownFileType = file.storyboard; name = Base; path = Base.lproj/LaunchScreen.storyboard; sourceTree = "<group>"; };
		73E321161B971F0E005D14F6 /* Info.plist */ = {isa = PBXFileReference; lastKnownFileType = text.plist.xml; path = Info.plist; sourceTree = "<group>"; };
		73E3211B1B971F0E005D14F6 /* pixate-freestyleTests.xctest */ = {isa = PBXFileReference; explicitFileType = wrapper.cfbundle; includeInIndex = 0; path = "pixate-freestyleTests.xctest"; sourceTree = BUILT_PRODUCTS_DIR; };
		73E3211F1B971F0F005D14F6 /* pixate_freestyleTests.swift */ = {isa = PBXFileReference; lastKnownFileType = sourcecode.swift; path = pixate_freestyleTests.swift; sourceTree = "<group>"; };
		73E321211B971F0F005D14F6 /* Info.plist */ = {isa = PBXFileReference; lastKnownFileType = text.plist.xml; path = Info.plist; sourceTree = "<group>"; };
		73E321261B971F0F005D14F6 /* pixate-freestyleUITests.xctest */ = {isa = PBXFileReference; explicitFileType = wrapper.cfbundle; includeInIndex = 0; path = "pixate-freestyleUITests.xctest"; sourceTree = BUILT_PRODUCTS_DIR; };
		73E3212A1B971F0F005D14F6 /* pixate_freestyleUITests.swift */ = {isa = PBXFileReference; lastKnownFileType = sourcecode.swift; path = pixate_freestyleUITests.swift; sourceTree = "<group>"; };
		73E3212C1B971F0F005D14F6 /* Info.plist */ = {isa = PBXFileReference; lastKnownFileType = text.plist.xml; path = Info.plist; sourceTree = "<group>"; };
		A27171887A4D42983F72EE77 /* Pods-pixate-freestyle.release.xcconfig */ = {isa = PBXFileReference; includeInIndex = 1; lastKnownFileType = text.xcconfig; name = "Pods-pixate-freestyle.release.xcconfig"; path = "../Pods/Target Support Files/Pods-pixate-freestyle/Pods-pixate-freestyle.release.xcconfig"; sourceTree = "<group>"; };
		F96BF3159EF007E2679976D9 /* Pods-pixate-freestyle.debug.xcconfig */ = {isa = PBXFileReference; includeInIndex = 1; lastKnownFileType = text.xcconfig; name = "Pods-pixate-freestyle.debug.xcconfig"; path = "../Pods/Target Support Files/Pods-pixate-freestyle/Pods-pixate-freestyle.debug.xcconfig"; sourceTree = "<group>"; };
/* End PBXFileReference section */

/* Begin PBXFrameworksBuildPhase section */
		73E321041B971F0E005D14F6 /* Frameworks */ = {
			isa = PBXFrameworksBuildPhase;
			buildActionMask = 2147483647;
			files = (
				7CE16E32FD47A35698DEA662 /* Pods_pixate_freestyle.framework in Frameworks */,
			);
			runOnlyForDeploymentPostprocessing = 0;
		};
		73E321181B971F0E005D14F6 /* Frameworks */ = {
			isa = PBXFrameworksBuildPhase;
			buildActionMask = 2147483647;
			files = (
			);
			runOnlyForDeploymentPostprocessing = 0;
		};
		73E321231B971F0F005D14F6 /* Frameworks */ = {
			isa = PBXFrameworksBuildPhase;
			buildActionMask = 2147483647;
			files = (
			);
			runOnlyForDeploymentPostprocessing = 0;
		};
/* End PBXFrameworksBuildPhase section */

/* Begin PBXGroup section */
		73E320FE1B971F0E005D14F6 = {
			isa = PBXGroup;
			children = (
				73E321091B971F0E005D14F6 /* pixate-freestyle */,
				73E3211E1B971F0E005D14F6 /* pixate-freestyleTests */,
				73E321291B971F0F005D14F6 /* pixate-freestyleUITests */,
				73E321081B971F0E005D14F6 /* Products */,
				EE1A2CE3FE2A47B3A934D430 /* Pods */,
				B6B69CA9E6139AEF75668B00 /* Frameworks */,
			);
			sourceTree = "<group>";
		};
		73E321081B971F0E005D14F6 /* Products */ = {
			isa = PBXGroup;
			children = (
				73E321071B971F0E005D14F6 /* pixate-freestyle.app */,
				73E3211B1B971F0E005D14F6 /* pixate-freestyleTests.xctest */,
				73E321261B971F0F005D14F6 /* pixate-freestyleUITests.xctest */,
			);
			name = Products;
			sourceTree = "<group>";
		};
		73E321091B971F0E005D14F6 /* pixate-freestyle */ = {
			isa = PBXGroup;
			children = (
				73E3210A1B971F0E005D14F6 /* AppDelegate.swift */,
				73E3210C1B971F0E005D14F6 /* ViewController.swift */,
				73E3210E1B971F0E005D14F6 /* Main.storyboard */,
				73E321111B971F0E005D14F6 /* Assets.xcassets */,
				73E321131B971F0E005D14F6 /* LaunchScreen.storyboard */,
				73E321161B971F0E005D14F6 /* Info.plist */,
				73C18C9C1B9E81BF00DB7745 /* main.swift */,
				73C18C9E1B9E827A00DB7745 /* pixate-freestyle-BridgingHeader.h */,
				73C18C9F1B9E82C000DB7745 /* default.css */,
			);
			path = "pixate-freestyle";
			sourceTree = "<group>";
		};
		73E3211E1B971F0E005D14F6 /* pixate-freestyleTests */ = {
			isa = PBXGroup;
			children = (
				73E3211F1B971F0F005D14F6 /* pixate_freestyleTests.swift */,
				73E321211B971F0F005D14F6 /* Info.plist */,
			);
			path = "pixate-freestyleTests";
			sourceTree = "<group>";
		};
		73E321291B971F0F005D14F6 /* pixate-freestyleUITests */ = {
			isa = PBXGroup;
			children = (
				73E3212A1B971F0F005D14F6 /* pixate_freestyleUITests.swift */,
				73E3212C1B971F0F005D14F6 /* Info.plist */,
			);
			path = "pixate-freestyleUITests";
			sourceTree = "<group>";
		};
		B6B69CA9E6139AEF75668B00 /* Frameworks */ = {
			isa = PBXGroup;
			children = (
				6FA849C910E7CFE5CEBB04A2 /* Pods_pixate_freestyle.framework */,
			);
			name = Frameworks;
			sourceTree = "<group>";
		};
		EE1A2CE3FE2A47B3A934D430 /* Pods */ = {
			isa = PBXGroup;
			children = (
				F96BF3159EF007E2679976D9 /* Pods-pixate-freestyle.debug.xcconfig */,
				A27171887A4D42983F72EE77 /* Pods-pixate-freestyle.release.xcconfig */,
			);
			name = Pods;
			sourceTree = "<group>";
		};
/* End PBXGroup section */

/* Begin PBXNativeTarget section */
		73E321061B971F0E005D14F6 /* pixate-freestyle */ = {
			isa = PBXNativeTarget;
			buildConfigurationList = 73E3212F1B971F0F005D14F6 /* Build configuration list for PBXNativeTarget "pixate-freestyle" */;
			buildPhases = (
				81D12A7C84DD3880F41C2A5C /* Check Pods Manifest.lock */,
				73E321031B971F0E005D14F6 /* Sources */,
				73E321041B971F0E005D14F6 /* Frameworks */,
				73E321051B971F0E005D14F6 /* Resources */,
				B2B8A3DF592C392CA415C4E7 /* Embed Pods Frameworks */,
				AC002655CCDE4801FAE945F5 /* Copy Pods Resources */,
			);
			buildRules = (
			);
			dependencies = (
			);
			name = "pixate-freestyle";
			productName = "pixate-freestyle";
			productReference = 73E321071B971F0E005D14F6 /* pixate-freestyle.app */;
			productType = "com.apple.product-type.application";
		};
		73E3211A1B971F0E005D14F6 /* pixate-freestyleTests */ = {
			isa = PBXNativeTarget;
			buildConfigurationList = 73E321321B971F0F005D14F6 /* Build configuration list for PBXNativeTarget "pixate-freestyleTests" */;
			buildPhases = (
				73E321171B971F0E005D14F6 /* Sources */,
				73E321181B971F0E005D14F6 /* Frameworks */,
				73E321191B971F0E005D14F6 /* Resources */,
			);
			buildRules = (
			);
			dependencies = (
				73E3211D1B971F0E005D14F6 /* PBXTargetDependency */,
			);
			name = "pixate-freestyleTests";
			productName = "pixate-freestyleTests";
			productReference = 73E3211B1B971F0E005D14F6 /* pixate-freestyleTests.xctest */;
			productType = "com.apple.product-type.bundle.unit-test";
		};
		73E321251B971F0F005D14F6 /* pixate-freestyleUITests */ = {
			isa = PBXNativeTarget;
			buildConfigurationList = 73E321351B971F0F005D14F6 /* Build configuration list for PBXNativeTarget "pixate-freestyleUITests" */;
			buildPhases = (
				73E321221B971F0F005D14F6 /* Sources */,
				73E321231B971F0F005D14F6 /* Frameworks */,
				73E321241B971F0F005D14F6 /* Resources */,
			);
			buildRules = (
			);
			dependencies = (
				73E321281B971F0F005D14F6 /* PBXTargetDependency */,
			);
			name = "pixate-freestyleUITests";
			productName = "pixate-freestyleUITests";
			productReference = 73E321261B971F0F005D14F6 /* pixate-freestyleUITests.xctest */;
			productType = "com.apple.product-type.bundle.ui-testing";
		};
/* End PBXNativeTarget section */

/* Begin PBXProject section */
		73E320FF1B971F0E005D14F6 /* Project object */ = {
			isa = PBXProject;
			attributes = {
				LastUpgradeCheck = 0700;
				ORGANIZATIONNAME = "Deline Neo";
				TargetAttributes = {
					73E321061B971F0E005D14F6 = {
						CreatedOnToolsVersion = 7.0;
					};
					73E3211A1B971F0E005D14F6 = {
						CreatedOnToolsVersion = 7.0;
						TestTargetID = 73E321061B971F0E005D14F6;
					};
					73E321251B971F0F005D14F6 = {
						CreatedOnToolsVersion = 7.0;
						TestTargetID = 73E321061B971F0E005D14F6;
					};
				};
			};
			buildConfigurationList = 73E321021B971F0E005D14F6 /* Build configuration list for PBXProject "pixate-freestyle" */;
			compatibilityVersion = "Xcode 3.2";
			developmentRegion = English;
			hasScannedForEncodings = 0;
			knownRegions = (
				en,
				Base,
			);
			mainGroup = 73E320FE1B971F0E005D14F6;
			productRefGroup = 73E321081B971F0E005D14F6 /* Products */;
			projectDirPath = "";
			projectRoot = "";
			targets = (
				73E321061B971F0E005D14F6 /* pixate-freestyle */,
				73E3211A1B971F0E005D14F6 /* pixate-freestyleTests */,
				73E321251B971F0F005D14F6 /* pixate-freestyleUITests */,
			);
		};
/* End PBXProject section */

/* Begin PBXResourcesBuildPhase section */
		73E321051B971F0E005D14F6 /* Resources */ = {
			isa = PBXResourcesBuildPhase;
			buildActionMask = 2147483647;
			files = (
				73E321151B971F0E005D14F6 /* LaunchScreen.storyboard in Resources */,
				73E321121B971F0E005D14F6 /* Assets.xcassets in Resources */,
				73E321101B971F0E005D14F6 /* Main.storyboard in Resources */,
				73C18CA01B9E82C000DB7745 /* default.css in Resources */,
			);
			runOnlyForDeploymentPostprocessing = 0;
		};
		73E321191B971F0E005D14F6 /* Resources */ = {
			isa = PBXResourcesBuildPhase;
			buildActionMask = 2147483647;
			files = (
			);
			runOnlyForDeploymentPostprocessing = 0;
		};
		73E321241B971F0F005D14F6 /* Resources */ = {
			isa = PBXResourcesBuildPhase;
			buildActionMask = 2147483647;
			files = (
			);
			runOnlyForDeploymentPostprocessing = 0;
		};
/* End PBXResourcesBuildPhase section */

/* Begin PBXShellScriptBuildPhase section */
		81D12A7C84DD3880F41C2A5C /* Check Pods Manifest.lock */ = {
			isa = PBXShellScriptBuildPhase;
			buildActionMask = 2147483647;
			files = (
			);
			inputPaths = (
			);
			name = "Check Pods Manifest.lock";
			outputPaths = (
			);
			runOnlyForDeploymentPostprocessing = 0;
			shellPath = /bin/sh;
			shellScript = "diff \"${PODS_ROOT}/../Podfile.lock\" \"${PODS_ROOT}/Manifest.lock\" > /dev/null\nif [[ $? != 0 ]] ; then\n    cat << EOM\nerror: The sandbox is not in sync with the Podfile.lock. Run 'pod install' or update your CocoaPods installation.\nEOM\n    exit 1\nfi\n";
			showEnvVarsInLog = 0;
		};
		AC002655CCDE4801FAE945F5 /* Copy Pods Resources */ = {
			isa = PBXShellScriptBuildPhase;
			buildActionMask = 2147483647;
			files = (
			);
			inputPaths = (
			);
			name = "Copy Pods Resources";
			outputPaths = (
			);
			runOnlyForDeploymentPostprocessing = 0;
			shellPath = /bin/sh;
			shellScript = "\"${SRCROOT}/../Pods/Target Support Files/Pods-pixate-freestyle/Pods-pixate-freestyle-resources.sh\"\n";
			showEnvVarsInLog = 0;
		};
		B2B8A3DF592C392CA415C4E7 /* Embed Pods Frameworks */ = {
			isa = PBXShellScriptBuildPhase;
			buildActionMask = 2147483647;
			files = (
			);
			inputPaths = (
			);
			name = "Embed Pods Frameworks";
			outputPaths = (
			);
			runOnlyForDeploymentPostprocessing = 0;
			shellPath = /bin/sh;
			shellScript = "\"${SRCROOT}/../Pods/Target Support Files/Pods-pixate-freestyle/Pods-pixate-freestyle-frameworks.sh\"\n";
			showEnvVarsInLog = 0;
		};
/* End PBXShellScriptBuildPhase section */

/* Begin PBXSourcesBuildPhase section */
		73E321031B971F0E005D14F6 /* Sources */ = {
			isa = PBXSourcesBuildPhase;
			buildActionMask = 2147483647;
			files = (
				73E3210D1B971F0E005D14F6 /* ViewController.swift in Sources */,
				73E3210B1B971F0E005D14F6 /* AppDelegate.swift in Sources */,
				73C18C9D1B9E81BF00DB7745 /* main.swift in Sources */,
			);
			runOnlyForDeploymentPostprocessing = 0;
		};
		73E321171B971F0E005D14F6 /* Sources */ = {
			isa = PBXSourcesBuildPhase;
			buildActionMask = 2147483647;
			files = (
				73E321201B971F0F005D14F6 /* pixate_freestyleTests.swift in Sources */,
			);
			runOnlyForDeploymentPostprocessing = 0;
		};
		73E321221B971F0F005D14F6 /* Sources */ = {
			isa = PBXSourcesBuildPhase;
			buildActionMask = 2147483647;
			files = (
				73E3212B1B971F0F005D14F6 /* pixate_freestyleUITests.swift in Sources */,
			);
			runOnlyForDeploymentPostprocessing = 0;
		};
/* End PBXSourcesBuildPhase section */

/* Begin PBXTargetDependency section */
		73E3211D1B971F0E005D14F6 /* PBXTargetDependency */ = {
			isa = PBXTargetDependency;
			target = 73E321061B971F0E005D14F6 /* pixate-freestyle */;
			targetProxy = 73E3211C1B971F0E005D14F6 /* PBXContainerItemProxy */;
		};
		73E321281B971F0F005D14F6 /* PBXTargetDependency */ = {
			isa = PBXTargetDependency;
			target = 73E321061B971F0E005D14F6 /* pixate-freestyle */;
			targetProxy = 73E321271B971F0F005D14F6 /* PBXContainerItemProxy */;
		};
/* End PBXTargetDependency section */

/* Begin PBXVariantGroup section */
		73E3210E1B971F0E005D14F6 /* Main.storyboard */ = {
			isa = PBXVariantGroup;
			children = (
				73E3210F1B971F0E005D14F6 /* Base */,
			);
			name = Main.storyboard;
			sourceTree = "<group>";
		};
		73E321131B971F0E005D14F6 /* LaunchScreen.storyboard */ = {
			isa = PBXVariantGroup;
			children = (
				73E321141B971F0E005D14F6 /* Base */,
			);
			name = LaunchScreen.storyboard;
			sourceTree = "<group>";
		};
/* End PBXVariantGroup section */

/* Begin XCBuildConfiguration section */
		73E3212D1B971F0F005D14F6 /* Debug */ = {
			isa = XCBuildConfiguration;
			buildSettings = {
				ALWAYS_SEARCH_USER_PATHS = NO;
				CLANG_CXX_LANGUAGE_STANDARD = "gnu++0x";
				CLANG_CXX_LIBRARY = "libc++";
				CLANG_ENABLE_MODULES = YES;
				CLANG_ENABLE_OBJC_ARC = YES;
				CLANG_WARN_BOOL_CONVERSION = YES;
				CLANG_WARN_CONSTANT_CONVERSION = YES;
				CLANG_WARN_DIRECT_OBJC_ISA_USAGE = YES_ERROR;
				CLANG_WARN_EMPTY_BODY = YES;
				CLANG_WARN_ENUM_CONVERSION = YES;
				CLANG_WARN_INT_CONVERSION = YES;
				CLANG_WARN_OBJC_ROOT_CLASS = YES_ERROR;
				CLANG_WARN_UNREACHABLE_CODE = YES;
				CLANG_WARN__DUPLICATE_METHOD_MATCH = YES;
				"CODE_SIGN_IDENTITY[sdk=iphoneos*]" = "iPhone Developer";
				COPY_PHASE_STRIP = NO;
				DEBUG_INFORMATION_FORMAT = dwarf;
				ENABLE_STRICT_OBJC_MSGSEND = YES;
				ENABLE_TESTABILITY = YES;
				GCC_C_LANGUAGE_STANDARD = gnu99;
				GCC_DYNAMIC_NO_PIC = NO;
				GCC_NO_COMMON_BLOCKS = YES;
				GCC_OPTIMIZATION_LEVEL = 0;
				GCC_PREPROCESSOR_DEFINITIONS = (
					"DEBUG=1",
					"$(inherited)",
				);
				GCC_WARN_64_TO_32_BIT_CONVERSION = YES;
				GCC_WARN_ABOUT_RETURN_TYPE = YES_ERROR;
				GCC_WARN_UNDECLARED_SELECTOR = YES;
				GCC_WARN_UNINITIALIZED_AUTOS = YES_AGGRESSIVE;
				GCC_WARN_UNUSED_FUNCTION = YES;
				GCC_WARN_UNUSED_VARIABLE = YES;
				IPHONEOS_DEPLOYMENT_TARGET = 9.0;
				MTL_ENABLE_DEBUG_INFO = YES;
				ONLY_ACTIVE_ARCH = YES;
				SDKROOT = iphoneos;
				SWIFT_OPTIMIZATION_LEVEL = "-Onone";
			};
			name = Debug;
		};
		73E3212E1B971F0F005D14F6 /* Release */ = {
			isa = XCBuildConfiguration;
			buildSettings = {
				ALWAYS_SEARCH_USER_PATHS = NO;
				CLANG_CXX_LANGUAGE_STANDARD = "gnu++0x";
				CLANG_CXX_LIBRARY = "libc++";
				CLANG_ENABLE_MODULES = YES;
				CLANG_ENABLE_OBJC_ARC = YES;
				CLANG_WARN_BOOL_CONVERSION = YES;
				CLANG_WARN_CONSTANT_CONVERSION = YES;
				CLANG_WARN_DIRECT_OBJC_ISA_USAGE = YES_ERROR;
				CLANG_WARN_EMPTY_BODY = YES;
				CLANG_WARN_ENUM_CONVERSION = YES;
				CLANG_WARN_INT_CONVERSION = YES;
				CLANG_WARN_OBJC_ROOT_CLASS = YES_ERROR;
				CLANG_WARN_UNREACHABLE_CODE = YES;
				CLANG_WARN__DUPLICATE_METHOD_MATCH = YES;
				"CODE_SIGN_IDENTITY[sdk=iphoneos*]" = "iPhone Developer";
				COPY_PHASE_STRIP = NO;
				DEBUG_INFORMATION_FORMAT = "dwarf-with-dsym";
				ENABLE_NS_ASSERTIONS = NO;
				ENABLE_STRICT_OBJC_MSGSEND = YES;
				GCC_C_LANGUAGE_STANDARD = gnu99;
				GCC_NO_COMMON_BLOCKS = YES;
				GCC_WARN_64_TO_32_BIT_CONVERSION = YES;
				GCC_WARN_ABOUT_RETURN_TYPE = YES_ERROR;
				GCC_WARN_UNDECLARED_SELECTOR = YES;
				GCC_WARN_UNINITIALIZED_AUTOS = YES_AGGRESSIVE;
				GCC_WARN_UNUSED_FUNCTION = YES;
				GCC_WARN_UNUSED_VARIABLE = YES;
				IPHONEOS_DEPLOYMENT_TARGET = 9.0;
				MTL_ENABLE_DEBUG_INFO = NO;
				SDKROOT = iphoneos;
				VALIDATE_PRODUCT = YES;
			};
			name = Release;
		};
		73E321301B971F0F005D14F6 /* Debug */ = {
			isa = XCBuildConfiguration;
			baseConfigurationReference = F96BF3159EF007E2679976D9 /* Pods-pixate-freestyle.debug.xcconfig */;
			buildSettings = {
				ASSETCATALOG_COMPILER_APPICON_NAME = AppIcon;
				INFOPLIST_FILE = "pixate-freestyle/Info.plist";
				LD_RUNPATH_SEARCH_PATHS = "$(inherited) @executable_path/Frameworks";
				PRODUCT_BUNDLE_IDENTIFIER = "com.delineneo.pixate-freestyle";
				PRODUCT_NAME = "$(TARGET_NAME)";
				SWIFT_OBJC_BRIDGING_HEADER = "pixate-freestyle/pixate-freestyle-BridgingHeader.h";
			};
			name = Debug;
		};
		73E321311B971F0F005D14F6 /* Release */ = {
			isa = XCBuildConfiguration;
			baseConfigurationReference = A27171887A4D42983F72EE77 /* Pods-pixate-freestyle.release.xcconfig */;
			buildSettings = {
				ASSETCATALOG_COMPILER_APPICON_NAME = AppIcon;
				INFOPLIST_FILE = "pixate-freestyle/Info.plist";
				LD_RUNPATH_SEARCH_PATHS = "$(inherited) @executable_path/Frameworks";
				PRODUCT_BUNDLE_IDENTIFIER = "com.delineneo.pixate-freestyle";
				PRODUCT_NAME = "$(TARGET_NAME)";
				SWIFT_OBJC_BRIDGING_HEADER = "pixate-freestyle/pixate-freestyle-BridgingHeader.h";
			};
			name = Release;
		};
		73E321331B971F0F005D14F6 /* Debug */ = {
			isa = XCBuildConfiguration;
			buildSettings = {
				BUNDLE_LOADER = "$(TEST_HOST)";
				INFOPLIST_FILE = "pixate-freestyleTests/Info.plist";
				LD_RUNPATH_SEARCH_PATHS = "$(inherited) @executable_path/Frameworks @loader_path/Frameworks";
				PRODUCT_BUNDLE_IDENTIFIER = "com.delineneo.pixate-freestyleTests";
				PRODUCT_NAME = "$(TARGET_NAME)";
				TEST_HOST = "$(BUILT_PRODUCTS_DIR)/pixate-freestyle.app/pixate-freestyle";
			};
			name = Debug;
		};
		73E321341B971F0F005D14F6 /* Release */ = {
			isa = XCBuildConfiguration;
			buildSettings = {
				BUNDLE_LOADER = "$(TEST_HOST)";
				INFOPLIST_FILE = "pixate-freestyleTests/Info.plist";
				LD_RUNPATH_SEARCH_PATHS = "$(inherited) @executable_path/Frameworks @loader_path/Frameworks";
				PRODUCT_BUNDLE_IDENTIFIER = "com.delineneo.pixate-freestyleTests";
				PRODUCT_NAME = "$(TARGET_NAME)";
				TEST_HOST = "$(BUILT_PRODUCTS_DIR)/pixate-freestyle.app/pixate-freestyle";
			};
			name = Release;
		};
		73E321361B971F0F005D14F6 /* Debug */ = {
			isa = XCBuildConfiguration;
			buildSettings = {
				INFOPLIST_FILE = "pixate-freestyleUITests/Info.plist";
				LD_RUNPATH_SEARCH_PATHS = "$(inherited) @executable_path/Frameworks @loader_path/Frameworks";
				PRODUCT_BUNDLE_IDENTIFIER = "com.delineneo.pixate-freestyleUITests";
				PRODUCT_NAME = "$(TARGET_NAME)";
				TEST_TARGET_NAME = "pixate-freestyle";
				USES_XCTRUNNER = YES;
			};
			name = Debug;
		};
		73E321371B971F0F005D14F6 /* Release */ = {
			isa = XCBuildConfiguration;
			buildSettings = {
				INFOPLIST_FILE = "pixate-freestyleUITests/Info.plist";
				LD_RUNPATH_SEARCH_PATHS = "$(inherited) @executable_path/Frameworks @loader_path/Frameworks";
				PRODUCT_BUNDLE_IDENTIFIER = "com.delineneo.pixate-freestyleUITests";
				PRODUCT_NAME = "$(TARGET_NAME)";
				TEST_TARGET_NAME = "pixate-freestyle";
				USES_XCTRUNNER = YES;
			};
			name = Release;
		};
/* End XCBuildConfiguration section */

/* Begin XCConfigurationList section */
		73E321021B971F0E005D14F6 /* Build configuration list for PBXProject "pixate-freestyle" */ = {
			isa = XCConfigurationList;
			buildConfigurations = (
				73E3212D1B971F0F005D14F6 /* Debug */,
				73E3212E1B971F0F005D14F6 /* Release */,
			);
			defaultConfigurationIsVisible = 0;
			defaultConfigurationName = Release;
		};
		73E3212F1B971F0F005D14F6 /* Build configuration list for PBXNativeTarget "pixate-freestyle" */ = {
			isa = XCConfigurationList;
			buildConfigurations = (
				73E321301B971F0F005D14F6 /* Debug */,
				73E321311B971F0F005D14F6 /* Release */,
			);
			defaultConfigurationIsVisible = 0;
			defaultConfigurationName = Release;
		};
		73E321321B971F0F005D14F6 /* Build configuration list for PBXNativeTarget "pixate-freestyleTests" */ = {
			isa = XCConfigurationList;
			buildConfigurations = (
				73E321331B971F0F005D14F6 /* Debug */,
				73E321341B971F0F005D14F6 /* Release */,
			);
			defaultConfigurationIsVisible = 0;
			defaultConfigurationName = Release;
		};
		73E321351B971F0F005D14F6 /* Build configuration list for PBXNativeTarget "pixate-freestyleUITests" */ = {
			isa = XCConfigurationList;
			buildConfigurations = (
				73E321361B971F0F005D14F6 /* Debug */,
				73E321371B971F0F005D14F6 /* Release */,
			);
			defaultConfigurationIsVisible = 0;
			defaultConfigurationName = Release;
		};
/* End XCConfigurationList section */
	};
	rootObject = 73E320FF1B971F0E005D14F6 /* Project object */;
}
