PODS:
  - AFNetworking (2.6.0):
    - AFNetworking/NSURLConnection (= 2.6.0)
    - AFNetworking/NSURLSession (= 2.6.0)
    - AFNetworking/Reachability (= 2.6.0)
    - AFNetworking/Security (= 2.6.0)
    - AFNetworking/Serialization (= 2.6.0)
    - AFNetworking/UIKit (= 2.6.0)
  - AFNetworking/NSURLConnection (2.6.0):
    - AFNetworking/Reachability
    - AFNetworking/Security
    - AFNetworking/Serialization
  - AFNetworking/NSURLSession (2.6.0):
    - AFNetworking/Reachability
    - AFNetworking/Security
    - AFNetworking/Serialization
  - AFNetworking/Reachability (2.6.0)
  - AFNetworking/Security (2.6.0)
  - AFNetworking/Serialization (2.6.0)
  - AFNetworking/UIKit (2.6.0):
    - AFNetworking/NSURLConnection
    - AFNetworking/NSURLSession
  - Classy (0.2.4)
  - Nimbus/Core (HEAD based on 1.2.0)
  - Nimbus/CSS (HEAD based on 1.2.0):
    - AFNetworking (~> 2.1)
    - Nimbus/Core
    - Nimbus/Textfield
  - Nimbus/Textfield (HEAD based on 1.2.0):
    - Nimbus/Core
  - PixateFreestyle (2.1.4)

DEPENDENCIES:
  - Classy (~> 0.2)
  - Nimbus/Core (HEAD)
  - Nimbus/CSS (HEAD)
  - PixateFreestyle (~> 2.1)

SPEC CHECKSUMS:
  AFNetworking: 79f7eb1a0fcfa7beb409332b2ca49afe9ce53b05
  Classy: 8d39a27d36865856c8cf21cba5d58fa9252037d9
  Nimbus: 3d6dfdeabf548ba4eb43be24e74fd202fb8c4e22
  PixateFreestyle: 46d97070c7d647519dc367c70cbe84c189e07ca9

COCOAPODS: 0.38.2
